
Microsoft Visual Studio Solution File, Format Version 12.00
# Visual Studio Version 17
VisualStudioVersion = 17.4.33103.184
MinimumVisualStudioVersion = 10.0.40219.1
Project("{9A19103F-16F7-4668-BE54-9A1E7A4F7556}") = "Labolatorium 3-App", "Labolatorium 3-App\Labolatorium 3-App.csproj", "{83CD8885-1AD6-496A-AB9C-02791D08BE04}"
EndProject
Project("{9A19103F-16F7-4668-BE54-9A1E7A4F7556}") = "Data", "Data\Data.csproj", "{8B56C46E-6A4C-4BE9-9285-E5D9109B205E}"
EndProject
Global
	GlobalSection(SolutionConfigurationPlatforms) = preSolution
		Debug|Any CPU = Debug|Any CPU
		Release|Any CPU = Release|Any CPU
	EndGlobalSection
	GlobalSection(ProjectConfigurationPlatforms) = postSolution
		{83CD8885-1AD6-496A-AB9C-02791D08BE04}.Debug|Any CPU.ActiveCfg = Debug|Any CPU
		{83CD8885-1AD6-496A-AB9C-02791D08BE04}.Debug|Any CPU.Build.0 = Debug|Any CPU
		{83CD8885-1AD6-496A-AB9C-02791D08BE04}.Release|Any CPU.ActiveCfg = Release|Any CPU
		{83CD8885-1AD6-496A-AB9C-02791D08BE04}.Release|Any CPU.Build.0 = Release|Any CPU
		{8B56C46E-6A4C-4BE9-9285-E5D9109B205E}.Debug|Any CPU.ActiveCfg = Debug|Any CPU
		{8B56C46E-6A4C-4BE9-9285-E5D9109B205E}.Debug|Any CPU.Build.0 = Debug|Any CPU
		{8B56C46E-6A4C-4BE9-9285-E5D9109B205E}.Release|Any CPU.ActiveCfg = Release|Any CPU
		{8B56C46E-6A4C-4BE9-9285-E5D9109B205E}.Release|Any CPU.Build.0 = Release|Any CPU
	EndGlobalSection
	GlobalSection(SolutionProperties) = preSolution
		HideSolutionNode = FALSE
	EndGlobalSection
	GlobalSection(ExtensibilityGlobals) = postSolution
		SolutionGuid = {43ECDCAF-3D92-4E4D-B7E1-F5E3CE9F8E0E}
	EndGlobalSection
EndGlobal
